
Microsoft Visual Studio Solution File, Format Version 12.00
# Visual Studio Version 17
VisualStudioVersion = 17.13.35828.75 d17.13
MinimumVisualStudioVersion = 10.0.40219.1
Project("{FAE04EC0-301F-11D3-BF4B-00C04F79EFBC}") = "exercicio-01.ConsoleApp", "exercicio-01.ConsoleApp\exercicio-01.ConsoleApp.csproj", "{45E49519-3675-4EDC-B5D8-426CE3674BFB}"
EndProject
Project("{FAE04EC0-301F-11D3-BF4B-00C04F79EFBC}") = "exercico-02", "..\exercico-02\exercico-02.csproj", "{F61CC783-4470-4932-9D55-B6FF67591DD7}"
EndProject
Global
	GlobalSection(SolutionConfigurationPlatforms) = preSolution
		Debug|Any CPU = Debug|Any CPU
		Release|Any CPU = Release|Any CPU
	EndGlobalSection
	GlobalSection(ProjectConfigurationPlatforms) = postSolution
		{45E49519-3675-4EDC-B5D8-426CE3674BFB}.Debug|Any CPU.ActiveCfg = Debug|Any CPU
		{45E49519-3675-4EDC-B5D8-426CE3674BFB}.Debug|Any CPU.Build.0 = Debug|Any CPU
		{45E49519-3675-4EDC-B5D8-426CE3674BFB}.Release|Any CPU.ActiveCfg = Release|Any CPU
		{45E49519-3675-4EDC-B5D8-426CE3674BFB}.Release|Any CPU.Build.0 = Release|Any CPU
		{F61CC783-4470-4932-9D55-B6FF67591DD7}.Debug|Any CPU.ActiveCfg = Debug|Any CPU
		{F61CC783-4470-4932-9D55-B6FF67591DD7}.Debug|Any CPU.Build.0 = Debug|Any CPU
		{F61CC783-4470-4932-9D55-B6FF67591DD7}.Release|Any CPU.ActiveCfg = Release|Any CPU
		{F61CC783-4470-4932-9D55-B6FF67591DD7}.Release|Any CPU.Build.0 = Release|Any CPU
	EndGlobalSection
	GlobalSection(SolutionProperties) = preSolution
		HideSolutionNode = FALSE
	EndGlobalSection
	GlobalSection(ExtensibilityGlobals) = postSolution
		SolutionGuid = {4F8D8795-BC4F-40F8-912A-8D18EB827BDB}
	EndGlobalSection
EndGlobal
